uuid: a2db004f-c401-4a28-a427-c8531991e92d
langcode: en
status: true
dependencies:
  module:
    - menu_ui
third_party_settings:
  menu_ui:
    available_menus:
      - main
    parent: 'main:'
name: Block
type: block
description: "Comments - повинно виводитися без мітки в самому низу.\r\n● Image - картинка повинна виводитися перед новиною.\r\n● Priority - список цілих чисел (1 2 3). Поле не повинно відображатися для користувача.\r\n● Related external links - Лінк на зовнішній ресурс."
help: ''
new_revision: true
preview_mode: 1
display_submitted: true
